
Microsoft Visual Studio Solution File, Format Version 12.00
# Visual Studio 15
Project("{FAE04EC0-301F-11D3-BF4B-00C04F79EFBC}") = "Assembly-CSharp", "Assembly-CSharp.csproj", "{0C2F09DB-F984-0623-1132-BE7B192F74A3}"
EndProject
Project("{FAE04EC0-301F-11D3-BF4B-00C04F79EFBC}") = "Assembly-CSharp-Editor", "Assembly-CSharp-Editor.csproj", "{FCF661FC-D505-DF1D-5988-82DEA33241C9}"
EndProject
Global
	GlobalSection(SolutionConfigurationPlatforms) = preSolution
		Debug|Any CPU = Debug|Any CPU
		Release|Any CPU = Release|Any CPU
	EndGlobalSection
	GlobalSection(ProjectConfigurationPlatforms) = postSolution
		{0C2F09DB-F984-0623-1132-BE7B192F74A3}.Debug|Any CPU.ActiveCfg = Debug|Any CPU
		{0C2F09DB-F984-0623-1132-BE7B192F74A3}.Debug|Any CPU.Build.0 = Debug|Any CPU
		{0C2F09DB-F984-0623-1132-BE7B192F74A3}.Release|Any CPU.ActiveCfg = Release|Any CPU
		{0C2F09DB-F984-0623-1132-BE7B192F74A3}.Release|Any CPU.Build.0 = Release|Any CPU
		{FCF661FC-D505-DF1D-5988-82DEA33241C9}.Debug|Any CPU.ActiveCfg = Debug|Any CPU
		{FCF661FC-D505-DF1D-5988-82DEA33241C9}.Debug|Any CPU.Build.0 = Debug|Any CPU
		{FCF661FC-D505-DF1D-5988-82DEA33241C9}.Release|Any CPU.ActiveCfg = Release|Any CPU
		{FCF661FC-D505-DF1D-5988-82DEA33241C9}.Release|Any CPU.Build.0 = Release|Any CPU
	EndGlobalSection
	GlobalSection(SolutionProperties) = preSolution
		HideSolutionNode = FALSE
	EndGlobalSection
EndGlobal
